
Microsoft Visual Studio Solution File, Format Version 12.00
# Visual Studio Version 17
VisualStudioVersion = 17.9.34728.123
MinimumVisualStudioVersion = 10.0.40219.1
Project("{8BC9CEB8-8B4A-11D0-8D11-00A0C91BC942}") = "DirectX_3D_Action_Game", "DirectX_3D_Action_Game\DirectX_3D_Action_Game.vcxproj", "{A877127F-E147-4ECF-8800-9B2714A1DF78}"
EndProject
Global
	GlobalSection(SolutionConfigurationPlatforms) = preSolution
		Debug|x64 = Debug|x64
		Debug|x86 = Debug|x86
		Release|x64 = Release|x64
		Release|x86 = Release|x86
	EndGlobalSection
	GlobalSection(ProjectConfigurationPlatforms) = postSolution
		{A877127F-E147-4ECF-8800-9B2714A1DF78}.Debug|x64.ActiveCfg = Debug|x64
		{A877127F-E147-4ECF-8800-9B2714A1DF78}.Debug|x64.Build.0 = Debug|x64
		{A877127F-E147-4ECF-8800-9B2714A1DF78}.Debug|x86.ActiveCfg = Debug|Win32
		{A877127F-E147-4ECF-8800-9B2714A1DF78}.Debug|x86.Build.0 = Debug|Win32
		{A877127F-E147-4ECF-8800-9B2714A1DF78}.Release|x64.ActiveCfg = Release|x64
		{A877127F-E147-4ECF-8800-9B2714A1DF78}.Release|x64.Build.0 = Release|x64
		{A877127F-E147-4ECF-8800-9B2714A1DF78}.Release|x86.ActiveCfg = Release|Win32
		{A877127F-E147-4ECF-8800-9B2714A1DF78}.Release|x86.Build.0 = Release|Win32
	EndGlobalSection
	GlobalSection(SolutionProperties) = preSolution
		HideSolutionNode = FALSE
	EndGlobalSection
	GlobalSection(ExtensibilityGlobals) = postSolution
		SolutionGuid = {63A5BC2F-48D9-4440-B226-FF97E215A017}
	EndGlobalSection
EndGlobal
