<?xml version="1.0" encoding="utf-8"?>
<Project ToolsVersion="4.0" xmlns="http://schemas.microsoft.com/developer/msbuild/2003">
  <ItemGroup>
    <Filter Include="SourceFiles">
      <UniqueIdentifier>{4FC737F1-C7A5-4376-A066-2A32D752A2FF}</UniqueIdentifier>
      <Extensions>cpp;c;cc;cxx;c++;cppm;ixx;def;odl;idl;hpj;bat;asm;asmx</Extensions>
    </Filter>
    <Filter Include="HeaderFiles">
      <UniqueIdentifier>{93995380-89BD-4b04-88EB-625FBE52EBFB}</UniqueIdentifier>
      <Extensions>h;hh;hpp;hxx;h++;hm;inl;inc;ipp;xsd</Extensions>
    </Filter>
    <Filter Include="ResourceFiles">
      <UniqueIdentifier>{67DA6AB6-F800-4c08-8B7A-83BB121AAD01}</UniqueIdentifier>
      <Extensions>rc;ico;cur;bmp;dlg;rc2;rct;bin;rgs;gif;jpg;jpeg;jpe;resx;tiff;tif;png;wav;mfcribbon-ms</Extensions>
    </Filter>
    <Filter Include="SourceFiles\App">
      <UniqueIdentifier>{b4a0a53e-b737-42f2-af49-4274f7bc944d}</UniqueIdentifier>
    </Filter>
    <Filter Include="HeaderFiles\App">
      <UniqueIdentifier>{1baba6bb-78dd-45bf-b8d0-e069a77f8c52}</UniqueIdentifier>
    </Filter>
    <Filter Include="SourceFiles\Engine">
      <UniqueIdentifier>{93dbdfb9-02bd-4286-9eac-08387761b324}</UniqueIdentifier>
    </Filter>
    <Filter Include="HeaderFiles\Engine">
      <UniqueIdentifier>{4f6b4f8e-061a-4e46-b39d-ab1a08a0b269}</UniqueIdentifier>
    </Filter>
    <Filter Include="SourceFiles\ECS">
      <UniqueIdentifier>{3c6c0f9c-be0b-40c5-addc-a70475ad55e8}</UniqueIdentifier>
    </Filter>
    <Filter Include="HeaderFiles\ECS">
      <UniqueIdentifier>{70795fb2-8b39-4b50-b201-cabfc1115ced}</UniqueIdentifier>
    </Filter>
    <Filter Include="HeaderFiles\ECS\Components">
      <UniqueIdentifier>{67cd90bc-37dc-4cda-b5a6-5fc9d1c3cd19}</UniqueIdentifier>
    </Filter>
    <Filter Include="HeaderFiles\Game">
      <UniqueIdentifier>{5055953c-a2eb-4014-8325-b339b04848d8}</UniqueIdentifier>
    </Filter>
    <Filter Include="HeaderFiles\Scene">
      <UniqueIdentifier>{c34386e7-eab7-4574-b05b-1db5d3adff48}</UniqueIdentifier>
    </Filter>
    <Filter Include="Shaders">
      <UniqueIdentifier>{8e297ec9-38a2-4c3c-9081-554371bebaaa}</UniqueIdentifier>
    </Filter>
    <Filter Include="HeaderFiles\ECS\Systems">
      <UniqueIdentifier>{45d26571-f2ca-48c3-990b-063492b6939a}</UniqueIdentifier>
    </Filter>
    <Filter Include="SourceFiles\ECS\Systems">
      <UniqueIdentifier>{bc04eb17-836f-4a13-8b90-b2487637747b}</UniqueIdentifier>
    </Filter>
    <Filter Include="ImGui">
      <UniqueIdentifier>{d10e2162-1b1d-45ca-b0c3-09d44d8597b0}</UniqueIdentifier>
    </Filter>
    <Filter Include="SourceFiles\Scene">
      <UniqueIdentifier>{f849dafe-79b4-4dc6-be5a-eb55bfdb8da2}</UniqueIdentifier>
    </Filter>
  </ItemGroup>
  <ItemGroup>
    <ClCompile Include="SourceFiles\App\Main.cpp">
      <Filter>SourceFiles\App</Filter>
    </ClCompile>
    <ClCompile Include="SourceFiles\Engine\Graphics.cpp">
      <Filter>SourceFiles\Engine</Filter>
    </ClCompile>
    <ClCompile Include="SourceFiles\ECS\ECS.cpp">
      <Filter>SourceFiles\ECS</Filter>
    </ClCompile>
    <ClCompile Include="SourceFiles\ECS\World.cpp">
      <Filter>SourceFiles\ECS</Filter>
    </ClCompile>
    <ClCompile Include="SourceFiles\App\Game.cpp">
      <Filter>SourceFiles\App</Filter>
    </ClCompile>
    <ClCompile Include="SourceFiles\Engine\Input.cpp">
      <Filter>SourceFiles\Engine</Filter>
    </ClCompile>
    <ClCompile Include="SourceFiles\ECS\Systems\PhysicsSystem.cpp">
      <Filter>SourceFiles\ECS\Systems</Filter>
    </ClCompile>
    <ClCompile Include="ImGui\imgui.cpp">
      <Filter>ImGui</Filter>
    </ClCompile>
    <ClCompile Include="ImGui\imgui_draw.cpp">
      <Filter>ImGui</Filter>
    </ClCompile>
    <ClCompile Include="ImGui\imgui_impl_dx11.cpp">
      <Filter>ImGui</Filter>
    </ClCompile>
    <ClCompile Include="ImGui\imgui_impl_win32.cpp">
      <Filter>ImGui</Filter>
    </ClCompile>
    <ClCompile Include="ImGui\imgui_tables.cpp">
      <Filter>ImGui</Filter>
    </ClCompile>
    <ClCompile Include="ImGui\imgui_widgets.cpp">
      <Filter>ImGui</Filter>
    </ClCompile>
    <ClCompile Include="SourceFiles\ECS\Systems\ActionSystem.cpp">
      <Filter>SourceFiles\ECS\Systems</Filter>
    </ClCompile>
    <ClCompile Include="SourceFiles\ECS\Systems\CameraSystem.cpp">
      <Filter>SourceFiles\ECS\Systems</Filter>
    </ClCompile>
    <ClCompile Include="SourceFiles\ECS\Systems\EnemySystem.cpp">
      <Filter>SourceFiles\ECS\Systems</Filter>
    </ClCompile>
    <ClCompile Include="SourceFiles\ECS\Systems\PlayerSystem.cpp">
      <Filter>SourceFiles\ECS\Systems</Filter>
    </ClCompile>
    <ClCompile Include="SourceFiles\ECS\Systems\RenderSystem.cpp">
      <Filter>SourceFiles\ECS\Systems</Filter>
    </ClCompile>
    <ClCompile Include="SourceFiles\ECS\Systems\UISystem.cpp">
      <Filter>SourceFiles\ECS\Systems</Filter>
    </ClCompile>
    <ClCompile Include="SourceFiles\Scene\TitleScene.cpp">
      <Filter>SourceFiles\Scene</Filter>
    </ClCompile>
    <ClCompile Include="SourceFiles\Scene\ResultScene.cpp">
      <Filter>SourceFiles\Scene</Filter>
    </ClCompile>
    <ClCompile Include="SourceFiles\Scene\GameScene.cpp">
      <Filter>SourceFiles\Scene</Filter>
    </ClCompile>
    <ClCompile Include="SourceFiles\Engine\GeometryGenerator.cpp">
      <Filter>SourceFiles\Engine</Filter>
    </ClCompile>
    <ClCompile Include="SourceFiles\ECS\Systems\PlayerAnimationSystem.cpp">
      <Filter>SourceFiles\ECS\Systems</Filter>
    </ClCompile>
    <ClCompile Include="SourceFiles\Engine\Audio.cpp">
      <Filter>SourceFiles\Engine</Filter>
    </ClCompile>
    <ClCompile Include="SourceFiles\Engine\SkyBox.cpp">
      <Filter>SourceFiles\Engine</Filter>
    </ClCompile>
    <ClCompile Include="SourceFiles\Scene\CharacterSelectScene.cpp">
      <Filter>SourceFiles\Scene</Filter>
    </ClCompile>
    <ClCompile Include="SourceFiles\Scene\StageSelectScene.cpp">
      <Filter>SourceFiles\Scene</Filter>
    </ClCompile>
    <ClCompile Include="SourceFiles\ECS\Systems\ParticleSystem.cpp">
      <Filter>SourceFiles\ECS\Systems</Filter>
    </ClCompile>
    <ClCompile Include="SourceFiles\Scene\SceneManager.cpp">
      <Filter>SourceFiles\Scene</Filter>
    </ClCompile>
    <ClCompile Include="SourceFiles\ECS\Systems\EnemyAnimationSystem.cpp">
      <Filter>SourceFiles\ECS\Systems</Filter>
    </ClCompile>
  </ItemGroup>
  <ItemGroup>
    <ClInclude Include="HeaderFiles\Engine\Graphics.h">
      <Filter>HeaderFiles\Engine</Filter>
    </ClInclude>
    <ClInclude Include="HeaderFiles\App\Main.h">
      <Filter>HeaderFiles\App</Filter>
    </ClInclude>
    <ClInclude Include="HeaderFiles\ECS\Component.h">
      <Filter>HeaderFiles\ECS</Filter>
    </ClInclude>
    <ClInclude Include="HeaderFiles\ECS\System.h">
      <Filter>HeaderFiles\ECS</Filter>
    </ClInclude>
    <ClInclude Include="HeaderFiles\ECS\AllComponent.h">
      <Filter>HeaderFiles\ECS</Filter>
    </ClInclude>
    <ClInclude Include="HeaderFiles\ECS\AllSystem.h">
      <Filter>HeaderFiles\ECS</Filter>
    </ClInclude>
    <ClInclude Include="HeaderFiles\ECS\ECS.h">
      <Filter>HeaderFiles\ECS</Filter>
    </ClInclude>
    <ClInclude Include="HeaderFiles\ECS\World.h">
      <Filter>HeaderFiles\ECS</Filter>
    </ClInclude>
    <ClInclude Include="HeaderFiles\ECS\Components\TransformComponent.h">
      <Filter>HeaderFiles\ECS\Components</Filter>
    </ClInclude>
    <ClInclude Include="HeaderFiles\Game\EntityFactory.h">
      <Filter>HeaderFiles\Game</Filter>
    </ClInclude>
    <ClInclude Include="HeaderFiles\Scene\BaseScene.h">
      <Filter>HeaderFiles\Scene</Filter>
    </ClInclude>
    <ClInclude Include="HeaderFiles\Scene\SceneManager.h">
      <Filter>HeaderFiles\Scene</Filter>
    </ClInclude>
    <ClInclude Include="HeaderFiles\Scene\GameScene.h">
      <Filter>HeaderFiles\Scene</Filter>
    </ClInclude>
    <ClInclude Include="HeaderFiles\App\Game.h">
      <Filter>HeaderFiles\App</Filter>
    </ClInclude>
    <ClInclude Include="HeaderFiles\Engine\Vertex.h">
      <Filter>HeaderFiles\Engine</Filter>
    </ClInclude>
    <ClInclude Include="HeaderFiles\ECS\Components\MeshComponent.h">
      <Filter>HeaderFiles\ECS\Components</Filter>
    </ClInclude>
    <ClInclude Include="HeaderFiles\ECS\Systems\RenderSystem.h">
      <Filter>HeaderFiles\ECS\Systems</Filter>
    </ClInclude>
    <ClInclude Include="HeaderFiles\Engine\GeometryGenerator.h">
      <Filter>HeaderFiles\Engine</Filter>
    </ClInclude>
    <ClInclude Include="HeaderFiles\ECS\Components\CameraComponent.h">
      <Filter>HeaderFiles\ECS\Components</Filter>
    </ClInclude>
    <ClInclude Include="HeaderFiles\ECS\Systems\CameraSystem.h">
      <Filter>HeaderFiles\ECS\Systems</Filter>
    </ClInclude>
    <ClInclude Include="HeaderFiles\Engine\Input.h">
      <Filter>HeaderFiles\Engine</Filter>
    </ClInclude>
    <ClInclude Include="HeaderFiles\ECS\Components\PlayerComponent.h">
      <Filter>HeaderFiles\ECS\Components</Filter>
    </ClInclude>
    <ClInclude Include="HeaderFiles\ECS\Systems\PlayerSystem.h">
      <Filter>HeaderFiles\ECS\Systems</Filter>
    </ClInclude>
    <ClInclude Include="HeaderFiles\ECS\Components\ColliderComponent.h">
      <Filter>HeaderFiles\ECS\Components</Filter>
    </ClInclude>
    <ClInclude Include="HeaderFiles\ECS\Systems\PhysicsSystem.h">
      <Filter>HeaderFiles\ECS\Systems</Filter>
    </ClInclude>
    <ClInclude Include="HeaderFiles\Engine\Colors.h">
      <Filter>HeaderFiles\Engine</Filter>
    </ClInclude>
    <ClInclude Include="ImGui\imconfig.h">
      <Filter>ImGui</Filter>
    </ClInclude>
    <ClInclude Include="ImGui\imgui.h">
      <Filter>ImGui</Filter>
    </ClInclude>
    <ClInclude Include="ImGui\imgui_impl_dx11.h">
      <Filter>ImGui</Filter>
    </ClInclude>
    <ClInclude Include="ImGui\imgui_impl_win32.h">
      <Filter>ImGui</Filter>
    </ClInclude>
    <ClInclude Include="ImGui\imgui_internal.h">
      <Filter>ImGui</Filter>
    </ClInclude>
    <ClInclude Include="ImGui\imstb_rectpack.h">
      <Filter>ImGui</Filter>
    </ClInclude>
    <ClInclude Include="ImGui\imstb_textedit.h">
      <Filter>ImGui</Filter>
    </ClInclude>
    <ClInclude Include="ImGui\imstb_truetype.h">
      <Filter>ImGui</Filter>
    </ClInclude>
    <ClInclude Include="HeaderFiles\ECS\Components\EnemyComponent.h">
      <Filter>HeaderFiles\ECS\Components</Filter>
    </ClInclude>
    <ClInclude Include="HeaderFiles\ECS\Systems\EnemySystem.h">
      <Filter>HeaderFiles\ECS\Systems</Filter>
    </ClInclude>
    <ClInclude Include="HeaderFiles\ECS\Components\StatusComponent.h">
      <Filter>HeaderFiles\ECS\Components</Filter>
    </ClInclude>
    <ClInclude Include="HeaderFiles\ECS\Components\ActionComponent.h">
      <Filter>HeaderFiles\ECS\Components</Filter>
    </ClInclude>
    <ClInclude Include="HeaderFiles\ECS\Components\AttackBoxComponent.h">
      <Filter>HeaderFiles\ECS\Components</Filter>
    </ClInclude>
    <ClInclude Include="HeaderFiles\ECS\Systems\ActionSystem.h">
      <Filter>HeaderFiles\ECS\Systems</Filter>
    </ClInclude>
    <ClInclude Include="HeaderFiles\ECS\Components\RolesComponent.h">
      <Filter>HeaderFiles\ECS\Components</Filter>
    </ClInclude>
    <ClInclude Include="HeaderFiles\ECS\Components\RecoveryBoxComponent.h">
      <Filter>HeaderFiles\ECS\Components</Filter>
    </ClInclude>
    <ClInclude Include="HeaderFiles\ECS\Systems\UISystem.h">
      <Filter>HeaderFiles\ECS\Systems</Filter>
    </ClInclude>
    <ClInclude Include="HeaderFiles\Scene\TitleScene.h">
      <Filter>HeaderFiles\Scene</Filter>
    </ClInclude>
    <ClInclude Include="HeaderFiles\Scene\ResultScene.h">
      <Filter>HeaderFiles\Scene</Filter>
    </ClInclude>
    <ClInclude Include="HeaderFiles\ECS\Components\AttackSphereComponent.h">
      <Filter>HeaderFiles\ECS\Components</Filter>
    </ClInclude>
    <ClInclude Include="HeaderFiles\ECS\Components\RecoverySphereComponent.h">
      <Filter>HeaderFiles\ECS\Components</Filter>
    </ClInclude>
    <ClInclude Include="HeaderFiles\ECS\Components\PlayerPartComponent.h">
      <Filter>HeaderFiles\ECS\Components</Filter>
    </ClInclude>
    <ClInclude Include="HeaderFiles\ECS\Systems\PlayerAnimationSystem.h">
      <Filter>HeaderFiles\ECS\Systems</Filter>
    </ClInclude>
    <ClInclude Include="HeaderFiles\Engine\Audio.h">
      <Filter>HeaderFiles\Engine</Filter>
    </ClInclude>
    <ClInclude Include="HeaderFiles\Engine\SkyBox.h">
      <Filter>HeaderFiles\Engine</Filter>
    </ClInclude>
    <ClInclude Include="HeaderFiles\Scene\CharacterSelectScene.h">
      <Filter>HeaderFiles\Scene</Filter>
    </ClInclude>
    <ClInclude Include="HeaderFiles\Scene\StageSelectScene.h">
      <Filter>HeaderFiles\Scene</Filter>
    </ClInclude>
    <ClInclude Include="HeaderFiles\ECS\Components\BulletComponent.h">
      <Filter>HeaderFiles\ECS\Components</Filter>
    </ClInclude>
    <ClInclude Include="HeaderFiles\ECS\Components\PhysicsComponent.h">
      <Filter>HeaderFiles\ECS\Components</Filter>
    </ClInclude>
    <ClInclude Include="HeaderFiles\ECS\Components\ParticleComponent.h">
      <Filter>HeaderFiles\ECS\Components</Filter>
    </ClInclude>
    <ClInclude Include="HeaderFiles\ECS\Systems\ParticleSystem.h">
      <Filter>HeaderFiles\ECS\Systems</Filter>
    </ClInclude>
    <ClInclude Include="HeaderFiles\ECS\Components\EnemyPartComponent.h">
      <Filter>HeaderFiles\ECS\Components</Filter>
    </ClInclude>
    <ClInclude Include="HeaderFiles\ECS\Systems\EnemyAnimationSystem.h">
      <Filter>HeaderFiles\ECS\Systems</Filter>
    </ClInclude>
  </ItemGroup>
  <ItemGroup>
    <CustomBuild Include="Shaders\SimplePS.hlsl">
      <Filter>Shaders</Filter>
    </CustomBuild>
    <CustomBuild Include="Shaders\SimpleVS.hlsl">
      <Filter>Shaders</Filter>
    </CustomBuild>
  </ItemGroup>
  <ItemGroup>
    <None Include="packages.config" />
  </ItemGroup>
  <ItemGroup>
    <FxCompile Include="Shaders\SkyVS.hlsl">
      <Filter>Shaders</Filter>
    </FxCompile>
    <FxCompile Include="Shaders\SkyPS.hlsl">
      <Filter>Shaders</Filter>
    </FxCompile>
  </ItemGroup>
</Project>